
Microsoft Visual Studio Solution File, Format Version 12.00
Project("{FAE04EC0-301F-11D3-BF4B-00C04F79EFBC}") = "ProducerMessageServer", "ProducerMessageServer\ProducerMessageServer.csproj", "{715D19C2-CD1A-4CB6-8BFD-5EE4E700A8F2}"
EndProject
Project("{FAE04EC0-301F-11D3-BF4B-00C04F79EFBC}") = "ServerTests", "..\..\tests\ServerTests\ServerTests.csproj", "{5F3109B1-ABF7-4C8F-8D64-A57AA9A54E5C}"
EndProject
Project("{FAE04EC0-301F-11D3-BF4B-00C04F79EFBC}") = "ConsumerMessageServer", "..\ConsumerMessageServer\ConsumerMessageServer.csproj", "{EF83B651-4F6A-4F6A-ACDE-F357A98F10AA}"
EndProject
Global
	GlobalSection(SolutionConfigurationPlatforms) = preSolution
		Debug|Any CPU = Debug|Any CPU
		Release|Any CPU = Release|Any CPU
	EndGlobalSection
	GlobalSection(ProjectConfigurationPlatforms) = postSolution
		{715D19C2-CD1A-4CB6-8BFD-5EE4E700A8F2}.Debug|Any CPU.ActiveCfg = Debug|Any CPU
		{715D19C2-CD1A-4CB6-8BFD-5EE4E700A8F2}.Debug|Any CPU.Build.0 = Debug|Any CPU
		{715D19C2-CD1A-4CB6-8BFD-5EE4E700A8F2}.Release|Any CPU.ActiveCfg = Release|Any CPU
		{715D19C2-CD1A-4CB6-8BFD-5EE4E700A8F2}.Release|Any CPU.Build.0 = Release|Any CPU
		{5F3109B1-ABF7-4C8F-8D64-A57AA9A54E5C}.Debug|Any CPU.ActiveCfg = Debug|Any CPU
		{5F3109B1-ABF7-4C8F-8D64-A57AA9A54E5C}.Debug|Any CPU.Build.0 = Debug|Any CPU
		{5F3109B1-ABF7-4C8F-8D64-A57AA9A54E5C}.Release|Any CPU.ActiveCfg = Release|Any CPU
		{5F3109B1-ABF7-4C8F-8D64-A57AA9A54E5C}.Release|Any CPU.Build.0 = Release|Any CPU
		{EF83B651-4F6A-4F6A-ACDE-F357A98F10AA}.Debug|Any CPU.ActiveCfg = Debug|Any CPU
		{EF83B651-4F6A-4F6A-ACDE-F357A98F10AA}.Debug|Any CPU.Build.0 = Debug|Any CPU
		{EF83B651-4F6A-4F6A-ACDE-F357A98F10AA}.Release|Any CPU.ActiveCfg = Release|Any CPU
		{EF83B651-4F6A-4F6A-ACDE-F357A98F10AA}.Release|Any CPU.Build.0 = Release|Any CPU
	EndGlobalSection
EndGlobal
